
Microsoft Visual Studio Solution File, Format Version 12.00
# Visual Studio Version 16
VisualStudioVersion = 16.0.33027.164
MinimumVisualStudioVersion = 10.0.40219.1
Project("{FAE04EC0-301F-11D3-BF4B-00C04F79EFBC}") = "HotelAccounting", "HotelAccounting.csproj", "{F894C7F0-D64F-45C0-A935-4D1E9D2B8E64}"
EndProject
Global
	GlobalSection(SolutionConfigurationPlatforms) = preSolution
		Debug|Any CPU = Debug|Any CPU
		Release|Any CPU = Release|Any CPU
	EndGlobalSection
	GlobalSection(ProjectConfigurationPlatforms) = postSolution
		{F894C7F0-D64F-45C0-A935-4D1E9D2B8E64}.Debug|Any CPU.ActiveCfg = Debug|Any CPU
		{F894C7F0-D64F-45C0-A935-4D1E9D2B8E64}.Debug|Any CPU.Build.0 = Debug|Any CPU
		{F894C7F0-D64F-45C0-A935-4D1E9D2B8E64}.Release|Any CPU.ActiveCfg = Release|Any CPU
		{F894C7F0-D64F-45C0-A935-4D1E9D2B8E64}.Release|Any CPU.Build.0 = Release|Any CPU
	EndGlobalSection
	GlobalSection(SolutionProperties) = preSolution
		HideSolutionNode = FALSE
	EndGlobalSection
	GlobalSection(ExtensibilityGlobals) = postSolution
		SolutionGuid = {930B515F-88AD-4250-BDF6-1B8935B20FD7}
	EndGlobalSection
EndGlobal
