
Microsoft Visual Studio Solution File, Format Version 12.00
# Visual Studio Version 16
VisualStudioVersion = 16.0.33027.164
MinimumVisualStudioVersion = 10.0.40219.1
Project("{FAE04EC0-301F-11D3-BF4B-00C04F79EFBC}") = "PocketGoogle", "PocketGoogle.csproj", "{E80A9436-EF8E-450E-9C01-F5BC2566B01A}"
EndProject
Global
	GlobalSection(SolutionConfigurationPlatforms) = preSolution
		Debug|Any CPU = Debug|Any CPU
		Release|Any CPU = Release|Any CPU
	EndGlobalSection
	GlobalSection(ProjectConfigurationPlatforms) = postSolution
		{E80A9436-EF8E-450E-9C01-F5BC2566B01A}.Debug|Any CPU.ActiveCfg = Debug|Any CPU
		{E80A9436-EF8E-450E-9C01-F5BC2566B01A}.Debug|Any CPU.Build.0 = Debug|Any CPU
		{E80A9436-EF8E-450E-9C01-F5BC2566B01A}.Release|Any CPU.ActiveCfg = Release|Any CPU
		{E80A9436-EF8E-450E-9C01-F5BC2566B01A}.Release|Any CPU.Build.0 = Release|Any CPU
	EndGlobalSection
	GlobalSection(SolutionProperties) = preSolution
		HideSolutionNode = FALSE
	EndGlobalSection
	GlobalSection(ExtensibilityGlobals) = postSolution
		SolutionGuid = {5174B2FE-7ACA-4B1B-9895-E9C9A7487D30}
	EndGlobalSection
EndGlobal
