
Microsoft Visual Studio Solution File, Format Version 12.00
# Visual Studio Version 16
VisualStudioVersion = 16.0.32901.82
MinimumVisualStudioVersion = 10.0.40219.1
Project("{FAE04EC0-301F-11D3-BF4B-00C04F79EFBC}") = "Passwords", "Passwords.csproj", "{574D2475-B777-4830-8D0C-4FA3FA7CD08E}"
EndProject
Global
	GlobalSection(SolutionConfigurationPlatforms) = preSolution
		Debug|Any CPU = Debug|Any CPU
		Release|Any CPU = Release|Any CPU
	EndGlobalSection
	GlobalSection(ProjectConfigurationPlatforms) = postSolution
		{574D2475-B777-4830-8D0C-4FA3FA7CD08E}.Debug|Any CPU.ActiveCfg = Debug|Any CPU
		{574D2475-B777-4830-8D0C-4FA3FA7CD08E}.Debug|Any CPU.Build.0 = Debug|Any CPU
		{574D2475-B777-4830-8D0C-4FA3FA7CD08E}.Release|Any CPU.ActiveCfg = Release|Any CPU
		{574D2475-B777-4830-8D0C-4FA3FA7CD08E}.Release|Any CPU.Build.0 = Release|Any CPU
	EndGlobalSection
	GlobalSection(SolutionProperties) = preSolution
		HideSolutionNode = FALSE
	EndGlobalSection
	GlobalSection(ExtensibilityGlobals) = postSolution
		SolutionGuid = {D96E8A2D-1DDE-4A14-A5A5-5AEFBAD86A5E}
	EndGlobalSection
EndGlobal
