
Microsoft Visual Studio Solution File, Format Version 12.00
# Visual Studio Version 17
VisualStudioVersion = 17.5.33424.131
MinimumVisualStudioVersion = 10.0.40219.1
Project("{FAE04EC0-301F-11D3-BF4B-00C04F79EFBC}") = "GrpcGreeter", "GrpcGreeter.csproj", "{5F379DEA-671A-4D0B-A5A1-6F1FAF4AD48A}"
EndProject
Global
	GlobalSection(SolutionConfigurationPlatforms) = preSolution
		Debug|Any CPU = Debug|Any CPU
		Release|Any CPU = Release|Any CPU
	EndGlobalSection
	GlobalSection(ProjectConfigurationPlatforms) = postSolution
		{5F379DEA-671A-4D0B-A5A1-6F1FAF4AD48A}.Debug|Any CPU.ActiveCfg = Debug|Any CPU
		{5F379DEA-671A-4D0B-A5A1-6F1FAF4AD48A}.Debug|Any CPU.Build.0 = Debug|Any CPU
		{5F379DEA-671A-4D0B-A5A1-6F1FAF4AD48A}.Release|Any CPU.ActiveCfg = Release|Any CPU
		{5F379DEA-671A-4D0B-A5A1-6F1FAF4AD48A}.Release|Any CPU.Build.0 = Release|Any CPU
	EndGlobalSection
	GlobalSection(SolutionProperties) = preSolution
		HideSolutionNode = FALSE
	EndGlobalSection
	GlobalSection(ExtensibilityGlobals) = postSolution
		SolutionGuid = {F0E0B1FD-16BA-45E2-9CC3-0C390B0A471D}
	EndGlobalSection
EndGlobal
